version: 3
hub:
    repo: https://github.com/muonsoft/skills.git
    ref: main
    commit: c7d4d9362d4058cc6cd8d2582386eb8a0e012177
preset: library
include:
    - tag: openspec
    - tag: herdr
target_path: .agents/skills
selected_paths:
    - agent-memory-usage
    - agentmem-onboarding
    - api-conventions
    - backend-structure
    - closeout
    - database-migrations
    - golang-errors
    - golang-logging
    - golang-tests
    - golang-validation
    - herdr
    - mcp-tool-input-schema
    - openspec-apply-change
    - openspec-archive-change
    - openspec-bulk-archive-change
    - openspec-continue-change
    - openspec-explore
    - openspec-ff-change
    - openspec-new-change
    - openspec-onboard
    - openspec-propose
    - openspec-sync-specs
    - openspec-verify-change
    - runnable-background-processes
    - task-delegation
skills:
    agent-memory-usage:
        upstream_hash: sha256:05e727fa5b0d456b5d44ab28fd9d8424d7fdc82fa5fab0b36346d3aff5210661
    agentmem-onboarding:
        upstream_hash: sha256:54d2e1681d8b076b308c7f3651cfda4d3eae1ba2e8e11b0c3fd21957b5864940
    api-conventions:
        upstream_hash: sha256:badfdf4e1dd85b220b7c9fdd1646a15e7f582e07953c75a4712df2c1a7774162
    backend-structure:
        upstream_hash: sha256:9f477e065f34ff80796a6d92cd096c677b2ebb3f5ce105fe7a16a7392e02be70
    closeout:
        upstream_hash: sha256:6457b351aa4e6d3a922bd2d6cf66fa4cec35fa72124bb4963802316aa31ee180
    database-migrations:
        upstream_hash: sha256:118ce23f4e0e7ccea54c898798d1678dc05e2b9127ad3b44a863be9a59f8bd57
    golang-errors:
        upstream_hash: sha256:edfadb39be2294f33b43200e73498828a8ca763f89370edb0e223e2fea60bb96
    golang-logging:
        upstream_hash: sha256:783a784cbb4b0e3463466a21f811f677e5e7bd9df6a022656f25fdc13e243605
    golang-tests:
        upstream_hash: sha256:1d9becc1ebbdfe00832119dfa5da30467e6c2597676b061350f1f257a384ea96
    golang-validation:
        upstream_hash: sha256:376162500fef4d60e8726cf6cc34c38e61b32c7cc8aacc2105a4ae1d738da17d
    herdr:
        upstream_hash: sha256:d0b99e2642320f9e68546d74bed51364d817600cdbeb253cc8dc055ce350c343
    mcp-tool-input-schema:
        upstream_hash: sha256:313b1ce465ff6894ac82292d194155846c27b4fadab89e1b71899acdb65ad452
    openspec-apply-change:
        upstream_hash: sha256:9796c7593b38fc0399c4d5b9006f50b179801518810878ac0357a67704d1f969
    openspec-archive-change:
        upstream_hash: sha256:54e94c94303fb85ca648c9d8cafd7f652e1522622733a8f6ccc430b179b91c80
    openspec-bulk-archive-change:
        upstream_hash: sha256:3fe5f395878941b7ced6a12a935f2b0b2edf3660b1e78e11f063ac20111625b9
    openspec-continue-change:
        upstream_hash: sha256:21653948c000f3612e3c3bfed18f78b9705c3ca07c4e530e6cad6652ec85c0c3
    openspec-explore:
        upstream_hash: sha256:674eaca19455e9dff0c07c7eb20b737b47b99c6e484d16dbd9a4379e82e06746
    openspec-ff-change:
        upstream_hash: sha256:72896e84404285171834456115fd10ae23db747713fe3d2e3898eb379592c363
    openspec-new-change:
        upstream_hash: sha256:0ca7842d48f0cbc80a9b441267c244da5c7c31a5d623b4d9ebc5ec2fc40a75d9
    openspec-onboard:
        upstream_hash: sha256:a20024101e6267ae452d7840117d424e7e9ca7acc72a14574b53c5ece92d9b0e
    openspec-propose:
        upstream_hash: sha256:6adda8de85ba9b1feb2a32c954ae4a9e2abf59ed98227018fd85b1c82b3e4399
    openspec-sync-specs:
        upstream_hash: sha256:f72f06bd8b7a5e7b56a1423205ebd357e2c3c29c55c37eaa8f8b7f3f3d3389ca
    openspec-verify-change:
        upstream_hash: sha256:741266a1a024fcf963d8c2ee179fc4e6e545213d1b32e8a2c05cfeb3968d67bf
    runnable-background-processes:
        upstream_hash: sha256:4dc5a488f4ce172607270d1130651ce75df2704fe9738757ddc5e214e7abf672
    task-delegation:
        upstream_hash: sha256:fc4c50e96a3ae50fd6a78b0ce68e18b3d2067aee7c3b7a99e0d2e709d46a2fde
