version: 4
hub:
    repo: https://github.com/muonsoft/skills.git
    ref: main
    commit: 3c402b92a217f3e45af0a48b3f2c27461207190b
preset: library
include:
    - tag: herdr
exclude:
    - id: openspec-workflow
      artifacts:
        - browser-report-template
        - desktop-change-schema
        - mobile-change-schema
        - service-change-schema
        - spec-driven-schema
        - web-change-schema
providers:
    - claude
    - cursor
selected_packages:
    - agent-memory-usage
    - agentmem-onboarding
    - api-conventions
    - backend-structure
    - change-orchestration
    - closeout
    - cursor-orchestration
    - database-migrations
    - golang-errors
    - golang-logging
    - golang-tests
    - golang-validation
    - herdr
    - mcp-tool-input-schema
    - openspec-apply-change
    - openspec-archive-change
    - openspec-explore
    - openspec-propose
    - openspec-sync-specs
    - openspec-update-change
    - openspec-workflow
    - runnable-background-processes
    - skill-authoring
    - task-delegation
    - work-intake
packages:
    agent-memory-usage:
        hub_path: devtools/agent-memory-usage
        upstream_hash: sha256:78d0a36fb2d7bdf1341dcd977332a2af077d6a65122a6216ef498d2b6e78060c
        artifacts:
            - id: skill
              kind: skill
              mode: tree
              src: .
              dest: .agents/skills/agent-memory-usage
              installed_hash: sha256:78d0a36fb2d7bdf1341dcd977332a2af077d6a65122a6216ef498d2b6e78060c
    agentmem-onboarding:
        hub_path: devtools/agentmem-onboarding
        upstream_hash: sha256:ffe3203eac7725247536cd61ae569ba2a2daffabcf85fdfc947473dd90896798
        artifacts:
            - id: skill
              kind: skill
              mode: tree
              src: .
              dest: .agents/skills/agentmem-onboarding
              installed_hash: sha256:ffe3203eac7725247536cd61ae569ba2a2daffabcf85fdfc947473dd90896798
    api-conventions:
        hub_path: backend/go/api-conventions
        upstream_hash: sha256:927d7823fe52ea14f74b469f808ad648842c0158d514a1e49cd2d740238e2390
        artifacts:
            - id: skill
              kind: skill
              mode: tree
              src: .
              dest: .agents/skills/api-conventions
              installed_hash: sha256:927d7823fe52ea14f74b469f808ad648842c0158d514a1e49cd2d740238e2390
    backend-structure:
        hub_path: backend/go/backend-structure
        upstream_hash: sha256:dbeeb9900c1433b79024f08d483796e68c8f8cf28a1d5fc1d2a809c864a40853
        artifacts:
            - id: skill
              kind: skill
              mode: tree
              src: .
              dest: .agents/skills/backend-structure
              installed_hash: sha256:dbeeb9900c1433b79024f08d483796e68c8f8cf28a1d5fc1d2a809c864a40853
    change-orchestration:
        hub_path: process/change-orchestration
        upstream_hash: sha256:67491c119646c65b1bf88b8637e682004cff2e2fcf81b1efe01dd43a4ef6599f
        artifacts:
            - id: skill
              kind: skill
              mode: tree
              src: .
              dest: .agents/skills/change-orchestration
              installed_hash: sha256:67491c119646c65b1bf88b8637e682004cff2e2fcf81b1efe01dd43a4ef6599f
    closeout:
        hub_path: devtools/closeout
        upstream_hash: sha256:5a27c7df3ffe03131b5a986696d097a562dc54e2a16542dfe0139fcd18474a87
        artifacts:
            - id: skill
              kind: skill
              mode: tree
              src: .
              dest: .agents/skills/closeout
              installed_hash: sha256:5a27c7df3ffe03131b5a986696d097a562dc54e2a16542dfe0139fcd18474a87
    cursor-orchestration:
        hub_path: process/cursor-orchestration
        upstream_hash: sha256:1a2a45d32a841f4d8f68fbc8b681dade7967fcd6c92d8d705882ba07f9e88d5b
        artifacts:
            - id: cursor-orchestration-command
              kind: command
              mode: file
              src: commands/cursor-orchestration.md
              dest: .cursor/commands/cursor-orchestration.md
              providers:
                - cursor
              installed_hash: sha256:0ae53d06221c73d8f5337021f261ef7d6799d2aa5d1935e2b3bacc3339b026dc
            - id: cursor-orchestration-skill
              kind: skill
              mode: tree
              src: cursor-orchestration
              dest: .cursor/skills/cursor-orchestration
              providers:
                - cursor
              installed_hash: sha256:98f27108e9eea09ed666599547e0e71e024decfe0288405ccd91b8fe19e53a26
    database-migrations:
        hub_path: databases/database-migrations
        upstream_hash: sha256:f22b97a00e2ebd47d4c5242304a4dfa7cdbc6844b5e661e816f4bc4e9ee0fe27
        artifacts:
            - id: skill
              kind: skill
              mode: tree
              src: .
              dest: .agents/skills/database-migrations
              installed_hash: sha256:f22b97a00e2ebd47d4c5242304a4dfa7cdbc6844b5e661e816f4bc4e9ee0fe27
    golang-errors:
        hub_path: backend/go/golang-errors
        upstream_hash: sha256:e115898c085144a234c46cf6743fbbde3919a40f4b20832ba7ce313d721e51d2
        artifacts:
            - id: skill
              kind: skill
              mode: tree
              src: .
              dest: .agents/skills/golang-errors
              installed_hash: sha256:e115898c085144a234c46cf6743fbbde3919a40f4b20832ba7ce313d721e51d2
    golang-logging:
        hub_path: backend/go/golang-logging
        upstream_hash: sha256:6f5695589619917cb84ff376318227d1413e688239f0e04ef5f91f9f91a28d1d
        artifacts:
            - id: skill
              kind: skill
              mode: tree
              src: .
              dest: .agents/skills/golang-logging
              installed_hash: sha256:6f5695589619917cb84ff376318227d1413e688239f0e04ef5f91f9f91a28d1d
    golang-tests:
        hub_path: backend/go/golang-tests
        upstream_hash: sha256:2f21e771dd7a3e3e9eb3996138dbe8e15d5446c7aded132e1d893179fbc896dd
        artifacts:
            - id: skill
              kind: skill
              mode: tree
              src: .
              dest: .agents/skills/golang-tests
              installed_hash: sha256:2f21e771dd7a3e3e9eb3996138dbe8e15d5446c7aded132e1d893179fbc896dd
    golang-validation:
        hub_path: backend/go/golang-validation
        upstream_hash: sha256:e5fc59d69c113656728dd5d225e1677fdb9c564ed265356360024b71d59aa012
        artifacts:
            - id: skill
              kind: skill
              mode: tree
              src: .
              dest: .agents/skills/golang-validation
              installed_hash: sha256:e5fc59d69c113656728dd5d225e1677fdb9c564ed265356360024b71d59aa012
    herdr:
        hub_path: devtools/herdr
        upstream_hash: sha256:e4f8502936c83b0777dcc8fd5fdff4c79c3146c1a66655e7ebf8b19c407086a6
        artifacts:
            - id: skill
              kind: skill
              mode: tree
              src: .
              dest: .agents/skills/herdr
              installed_hash: sha256:e4f8502936c83b0777dcc8fd5fdff4c79c3146c1a66655e7ebf8b19c407086a6
    mcp-tool-input-schema:
        hub_path: integration/mcp-tool-input-schema
        upstream_hash: sha256:557f6ec7f118bd436d12a443bde3be17aa0201209ff1140630e53c4824d43c3f
        artifacts:
            - id: skill
              kind: skill
              mode: tree
              src: .
              dest: .agents/skills/mcp-tool-input-schema
              installed_hash: sha256:557f6ec7f118bd436d12a443bde3be17aa0201209ff1140630e53c4824d43c3f
    openspec-apply-change:
        hub_path: process/openspec-apply-change
        upstream_hash: sha256:ced3fe15f17d7ea871932f031699bd34da209e8eaeabfb3a2a5192c8426fd3d2
        artifacts:
            - id: skill
              kind: skill
              mode: tree
              src: .
              dest: .agents/skills/openspec-apply-change
              installed_hash: sha256:ced3fe15f17d7ea871932f031699bd34da209e8eaeabfb3a2a5192c8426fd3d2
    openspec-archive-change:
        hub_path: process/openspec-archive-change
        upstream_hash: sha256:1262e80d26c2e79f55a8da1f4e7322324e77763c6da005354f0eb2d96ed2c573
        artifacts:
            - id: skill
              kind: skill
              mode: tree
              src: .
              dest: .agents/skills/openspec-archive-change
              installed_hash: sha256:1262e80d26c2e79f55a8da1f4e7322324e77763c6da005354f0eb2d96ed2c573
    openspec-explore:
        hub_path: process/openspec-explore
        upstream_hash: sha256:91c08d6757ba1351d99e5ee2c432e8a34ba275f83170e7a8e80689cddb52ce94
        artifacts:
            - id: skill
              kind: skill
              mode: tree
              src: .
              dest: .agents/skills/openspec-explore
              installed_hash: sha256:91c08d6757ba1351d99e5ee2c432e8a34ba275f83170e7a8e80689cddb52ce94
    openspec-propose:
        hub_path: process/openspec-propose
        upstream_hash: sha256:3f28abdbd332722dd1edb3b9caba7aba69f37af179950b00635713e84ebcec4d
        artifacts:
            - id: skill
              kind: skill
              mode: tree
              src: .
              dest: .agents/skills/openspec-propose
              installed_hash: sha256:3f28abdbd332722dd1edb3b9caba7aba69f37af179950b00635713e84ebcec4d
    openspec-sync-specs:
        hub_path: process/openspec-sync-specs
        upstream_hash: sha256:bba2fb69fe34e0148effa3720aa16020ee19ed327140aad7a3aa07d4a3af4822
        artifacts:
            - id: skill
              kind: skill
              mode: tree
              src: .
              dest: .agents/skills/openspec-sync-specs
              installed_hash: sha256:bba2fb69fe34e0148effa3720aa16020ee19ed327140aad7a3aa07d4a3af4822
    openspec-update-change:
        hub_path: process/openspec-update-change
        upstream_hash: sha256:070f8b09c3a88c4bf01c173f9c0d8ddd04a4f0d8e797b109f3068c0e32da7c29
        artifacts:
            - id: skill
              kind: skill
              mode: tree
              src: .
              dest: .agents/skills/openspec-update-change
              installed_hash: sha256:070f8b09c3a88c4bf01c173f9c0d8ddd04a4f0d8e797b109f3068c0e32da7c29
    openspec-workflow:
        hub_path: process/openspec-workflow
        upstream_hash: sha256:3f48a0e21959d05b52ec6363e31d66f440db76d5c1a8042170c6688e5a6f04cd
        artifacts:
            - id: library-change-schema
              kind: schema
              mode: tree
              src: schemas/library-change
              dest: openspec/schemas/library-change
              installed_hash: sha256:20e95d6a6960de3a04030bcdd2b942a0bab08400dd304aa141b8bf78f35d7d75
            - id: qa-report-template
              kind: template
              mode: file
              src: templates/qa-report.md
              dest: openspec/templates/qa-report.md
              installed_hash: sha256:def7698d846e1b5a17bdf2fd7f57e27758bc9f1b526f03b438d296bd3ee07f54
    runnable-background-processes:
        hub_path: backend/go/runnable-background-processes
        upstream_hash: sha256:53586052b6b8479a41fa372fbfc54ff155759895bc8871225b9786b95833fe2f
        artifacts:
            - id: skill
              kind: skill
              mode: tree
              src: .
              dest: .agents/skills/runnable-background-processes
              installed_hash: sha256:53586052b6b8479a41fa372fbfc54ff155759895bc8871225b9786b95833fe2f
    skill-authoring:
        hub_path: devtools/skill-authoring
        upstream_hash: sha256:c9c83732555c674095cf70d291810513c98c42436115955ae95a494c4fddc265
        artifacts:
            - id: skill
              kind: skill
              mode: tree
              src: .
              dest: .agents/skills/skill-authoring
              installed_hash: sha256:c9c83732555c674095cf70d291810513c98c42436115955ae95a494c4fddc265
    task-delegation:
        hub_path: devtools/task-delegation
        upstream_hash: sha256:48ce6d31dc71188a9ecd65dd2db53fd3080662bec2980680c49df49d490f755f
        artifacts:
            - id: skill
              kind: skill
              mode: tree
              src: .
              dest: .agents/skills/task-delegation
              installed_hash: sha256:48ce6d31dc71188a9ecd65dd2db53fd3080662bec2980680c49df49d490f755f
    work-intake:
        hub_path: process/work-intake
        upstream_hash: sha256:1e658f390931bc4c44e29b7f8b5bcdf6796bc0ca1bdd31f9f615269033deb85f
        artifacts:
            - id: skill
              kind: skill
              mode: tree
              src: .
              dest: .agents/skills/work-intake
              installed_hash: sha256:1e658f390931bc4c44e29b7f8b5bcdf6796bc0ca1bdd31f9f615269033deb85f
